
Microsoft Visual Studio Solution File, Format Version 12.00
# Visual Studio 15
VisualStudioVersion = 15.0.28307.1209
MinimumVisualStudioVersion = 10.0.40219.1
Project("{FAE04EC0-301F-11D3-BF4B-00C04F79EFBC}") = "ClassLibraryPromotionEngine", "ClassLibraryPromotionEngine\ClassLibraryPromotionEngine.csproj", "{4E99DC89-DDC5-4C3E-A7F4-E10F064E1639}"
EndProject
Project("{FAE04EC0-301F-11D3-BF4B-00C04F79EFBC}") = "UnitTestPromotionEngine", "UnitTestPromotionEngine\UnitTestPromotionEngine.csproj", "{EC7CB17D-34BB-439D-AC7B-832150ED5DC2}"
EndProject
Global
	GlobalSection(SolutionConfigurationPlatforms) = preSolution
		Debug|Any CPU = Debug|Any CPU
		Release|Any CPU = Release|Any CPU
	EndGlobalSection
	GlobalSection(ProjectConfigurationPlatforms) = postSolution
		{4E99DC89-DDC5-4C3E-A7F4-E10F064E1639}.Debug|Any CPU.ActiveCfg = Debug|Any CPU
		{4E99DC89-DDC5-4C3E-A7F4-E10F064E1639}.Debug|Any CPU.Build.0 = Debug|Any CPU
		{4E99DC89-DDC5-4C3E-A7F4-E10F064E1639}.Release|Any CPU.ActiveCfg = Release|Any CPU
		{4E99DC89-DDC5-4C3E-A7F4-E10F064E1639}.Release|Any CPU.Build.0 = Release|Any CPU
		{EC7CB17D-34BB-439D-AC7B-832150ED5DC2}.Debug|Any CPU.ActiveCfg = Debug|Any CPU
		{EC7CB17D-34BB-439D-AC7B-832150ED5DC2}.Debug|Any CPU.Build.0 = Debug|Any CPU
		{EC7CB17D-34BB-439D-AC7B-832150ED5DC2}.Release|Any CPU.ActiveCfg = Release|Any CPU
		{EC7CB17D-34BB-439D-AC7B-832150ED5DC2}.Release|Any CPU.Build.0 = Release|Any CPU
	EndGlobalSection
	GlobalSection(SolutionProperties) = preSolution
		HideSolutionNode = FALSE
	EndGlobalSection
	GlobalSection(ExtensibilityGlobals) = postSolution
		SolutionGuid = {E444FF86-1A09-4211-8D9E-5FE353713828}
	EndGlobalSection
EndGlobal
